
Microsoft Visual Studio Solution File, Format Version 12.00
# Visual Studio Version 17
VisualStudioVersion = 17.0.31903.59
MinimumVisualStudioVersion = 10.0.40219.1
Project("{FAE04EC0-301F-11D3-BF4B-00C04F79EFBC}") = "HelloCS", "HelloCS\HelloCS.csproj", "{C3CAF5B3-4655-4924-B910-70B681705A27}"
EndProject
Project("{FAE04EC0-301F-11D3-BF4B-00C04F79EFBC}") = "AboutMyEnvironment", "AboutMyEnvironment\AboutMyEnvironment.csproj", "{8F2E63D5-D909-47ED-BEC6-D8AEADB3C97D}"
EndProject
Global
	GlobalSection(SolutionConfigurationPlatforms) = preSolution
		Debug|Any CPU = Debug|Any CPU
		Release|Any CPU = Release|Any CPU
	EndGlobalSection
	GlobalSection(SolutionProperties) = preSolution
		HideSolutionNode = FALSE
	EndGlobalSection
	GlobalSection(ProjectConfigurationPlatforms) = postSolution
		{C3CAF5B3-4655-4924-B910-70B681705A27}.Debug|Any CPU.ActiveCfg = Debug|Any CPU
		{C3CAF5B3-4655-4924-B910-70B681705A27}.Debug|Any CPU.Build.0 = Debug|Any CPU
		{C3CAF5B3-4655-4924-B910-70B681705A27}.Release|Any CPU.ActiveCfg = Release|Any CPU
		{C3CAF5B3-4655-4924-B910-70B681705A27}.Release|Any CPU.Build.0 = Release|Any CPU
		{8F2E63D5-D909-47ED-BEC6-D8AEADB3C97D}.Debug|Any CPU.ActiveCfg = Debug|Any CPU
		{8F2E63D5-D909-47ED-BEC6-D8AEADB3C97D}.Debug|Any CPU.Build.0 = Debug|Any CPU
		{8F2E63D5-D909-47ED-BEC6-D8AEADB3C97D}.Release|Any CPU.ActiveCfg = Release|Any CPU
		{8F2E63D5-D909-47ED-BEC6-D8AEADB3C97D}.Release|Any CPU.Build.0 = Release|Any CPU
	EndGlobalSection
EndGlobal
