
Microsoft Visual Studio Solution File, Format Version 12.00
# Visual Studio Version 17
VisualStudioVersion = 17.12.35527.113 d17.12
MinimumVisualStudioVersion = 10.0.40219.1
Project("{FAE04EC0-301F-11D3-BF4B-00C04F79EFBC}") = "WorkingWithEFCore", "WorkingWithEFCore\WorkingWithEFCore.csproj", "{C41CF863-A48D-43BA-99B6-D42E0F4C7EFF}"
EndProject
Project("{FAE04EC0-301F-11D3-BF4B-00C04F79EFBC}") = "Northwind.EntityModels", "Northwind.EntityModels\Northwind.EntityModels.csproj", "{E52851C0-F677-42C0-847A-A6E36777EF87}"
EndProject
Global
	GlobalSection(SolutionConfigurationPlatforms) = preSolution
		Debug|Any CPU = Debug|Any CPU
		Release|Any CPU = Release|Any CPU
	EndGlobalSection
	GlobalSection(ProjectConfigurationPlatforms) = postSolution
		{C41CF863-A48D-43BA-99B6-D42E0F4C7EFF}.Debug|Any CPU.ActiveCfg = Debug|Any CPU
		{C41CF863-A48D-43BA-99B6-D42E0F4C7EFF}.Debug|Any CPU.Build.0 = Debug|Any CPU
		{C41CF863-A48D-43BA-99B6-D42E0F4C7EFF}.Release|Any CPU.ActiveCfg = Release|Any CPU
		{C41CF863-A48D-43BA-99B6-D42E0F4C7EFF}.Release|Any CPU.Build.0 = Release|Any CPU
		{E52851C0-F677-42C0-847A-A6E36777EF87}.Debug|Any CPU.ActiveCfg = Debug|Any CPU
		{E52851C0-F677-42C0-847A-A6E36777EF87}.Debug|Any CPU.Build.0 = Debug|Any CPU
		{E52851C0-F677-42C0-847A-A6E36777EF87}.Release|Any CPU.ActiveCfg = Release|Any CPU
		{E52851C0-F677-42C0-847A-A6E36777EF87}.Release|Any CPU.Build.0 = Release|Any CPU
	EndGlobalSection
	GlobalSection(SolutionProperties) = preSolution
		HideSolutionNode = FALSE
	EndGlobalSection
EndGlobal
