
Microsoft Visual Studio Solution File, Format Version 12.00
# Visual Studio Version 17
VisualStudioVersion = 17.8.34330.188
MinimumVisualStudioVersion = 10.0.40219.1
Project("{FAE04EC0-301F-11D3-BF4B-00C04F79EFBC}") = "HelloCS", "HelloCS\HelloCS.csproj", "{6385576B-C298-487F-AEB8-0551970078E2}"
EndProject
Project("{FAE04EC0-301F-11D3-BF4B-00C04F79EFBC}") = "AboutMyEnvironment", "AboutMyEnvironment\AboutMyEnvironment.csproj", "{2EC395B0-D913-44DD-9CE6-583341FB4FC8}"
EndProject
Global
	GlobalSection(SolutionConfigurationPlatforms) = preSolution
		Debug|Any CPU = Debug|Any CPU
		Release|Any CPU = Release|Any CPU
	EndGlobalSection
	GlobalSection(ProjectConfigurationPlatforms) = postSolution
		{6385576B-C298-487F-AEB8-0551970078E2}.Debug|Any CPU.ActiveCfg = Debug|Any CPU
		{6385576B-C298-487F-AEB8-0551970078E2}.Debug|Any CPU.Build.0 = Debug|Any CPU
		{6385576B-C298-487F-AEB8-0551970078E2}.Release|Any CPU.ActiveCfg = Release|Any CPU
		{6385576B-C298-487F-AEB8-0551970078E2}.Release|Any CPU.Build.0 = Release|Any CPU
		{2EC395B0-D913-44DD-9CE6-583341FB4FC8}.Debug|Any CPU.ActiveCfg = Debug|Any CPU
		{2EC395B0-D913-44DD-9CE6-583341FB4FC8}.Debug|Any CPU.Build.0 = Debug|Any CPU
		{2EC395B0-D913-44DD-9CE6-583341FB4FC8}.Release|Any CPU.ActiveCfg = Release|Any CPU
		{2EC395B0-D913-44DD-9CE6-583341FB4FC8}.Release|Any CPU.Build.0 = Release|Any CPU
	EndGlobalSection
	GlobalSection(SolutionProperties) = preSolution
		HideSolutionNode = FALSE
	EndGlobalSection
	GlobalSection(ExtensibilityGlobals) = postSolution
		SolutionGuid = {53826F55-0E5B-458A-B6B1-E0730815BA5F}
	EndGlobalSection
EndGlobal
