
Microsoft Visual Studio Solution File, Format Version 12.00
# Visual Studio Version 17
VisualStudioVersion = 17.12.35527.113 d17.12
MinimumVisualStudioVersion = 10.0.40219.1
Project("{FAE04EC0-301F-11D3-BF4B-00C04F79EFBC}") = "WorkingWithFileSystems", "WorkingWithFileSystems\WorkingWithFileSystems.csproj", "{8DB1EEAD-0E39-4583-8005-233E01E22F55}"
EndProject
Project("{FAE04EC0-301F-11D3-BF4B-00C04F79EFBC}") = "WorkingWithStreams", "WorkingWithStreams\WorkingWithStreams.csproj", "{5986F770-E772-4FDC-A30C-AFEC48BE231D}"
EndProject
Project("{FAE04EC0-301F-11D3-BF4B-00C04F79EFBC}") = "WorkingWithRandomAccess", "WorkingWithRandomAccess\WorkingWithRandomAccess.csproj", "{F64A81A4-9B19-437A-A16B-4DC4086633A4}"
EndProject
Project("{FAE04EC0-301F-11D3-BF4B-00C04F79EFBC}") = "WorkingWithEncodings", "WorkingWithEncodings\WorkingWithEncodings.csproj", "{C0E2B71D-6B47-47C9-A2C7-909546A9BE62}"
EndProject
Project("{FAE04EC0-301F-11D3-BF4B-00C04F79EFBC}") = "WorkingWithSerialization", "WorkingWithSerialization\WorkingWithSerialization.csproj", "{39FD718C-EC10-458F-91A3-93FF6CEDA664}"
EndProject
Project("{FAE04EC0-301F-11D3-BF4B-00C04F79EFBC}") = "ControllingJson", "ControllingJson\ControllingJson.csproj", "{18A3E6DC-B34D-4D23-96E7-910C711D0D1E}"
EndProject
Project("{FAE04EC0-301F-11D3-BF4B-00C04F79EFBC}") = "WorkingWithEnvVars", "WorkingWithEnvVars\WorkingWithEnvVars.csproj", "{8E309A1F-C79F-4BCA-8E84-B146A4031485}"
EndProject
Project("{FAE04EC0-301F-11D3-BF4B-00C04F79EFBC}") = "Ch09Ex02SerializingShapes", "Ch09Ex02SerializingShapes\Ch09Ex02SerializingShapes.csproj", "{235C52F7-9623-47FA-93FC-F17F98A5C55E}"
EndProject
Global
	GlobalSection(SolutionConfigurationPlatforms) = preSolution
		Debug|Any CPU = Debug|Any CPU
		Release|Any CPU = Release|Any CPU
	EndGlobalSection
	GlobalSection(ProjectConfigurationPlatforms) = postSolution
		{8DB1EEAD-0E39-4583-8005-233E01E22F55}.Debug|Any CPU.ActiveCfg = Debug|Any CPU
		{8DB1EEAD-0E39-4583-8005-233E01E22F55}.Debug|Any CPU.Build.0 = Debug|Any CPU
		{8DB1EEAD-0E39-4583-8005-233E01E22F55}.Release|Any CPU.ActiveCfg = Release|Any CPU
		{8DB1EEAD-0E39-4583-8005-233E01E22F55}.Release|Any CPU.Build.0 = Release|Any CPU
		{5986F770-E772-4FDC-A30C-AFEC48BE231D}.Debug|Any CPU.ActiveCfg = Debug|Any CPU
		{5986F770-E772-4FDC-A30C-AFEC48BE231D}.Debug|Any CPU.Build.0 = Debug|Any CPU
		{5986F770-E772-4FDC-A30C-AFEC48BE231D}.Release|Any CPU.ActiveCfg = Release|Any CPU
		{5986F770-E772-4FDC-A30C-AFEC48BE231D}.Release|Any CPU.Build.0 = Release|Any CPU
		{F64A81A4-9B19-437A-A16B-4DC4086633A4}.Debug|Any CPU.ActiveCfg = Debug|Any CPU
		{F64A81A4-9B19-437A-A16B-4DC4086633A4}.Debug|Any CPU.Build.0 = Debug|Any CPU
		{F64A81A4-9B19-437A-A16B-4DC4086633A4}.Release|Any CPU.ActiveCfg = Release|Any CPU
		{F64A81A4-9B19-437A-A16B-4DC4086633A4}.Release|Any CPU.Build.0 = Release|Any CPU
		{C0E2B71D-6B47-47C9-A2C7-909546A9BE62}.Debug|Any CPU.ActiveCfg = Debug|Any CPU
		{C0E2B71D-6B47-47C9-A2C7-909546A9BE62}.Debug|Any CPU.Build.0 = Debug|Any CPU
		{C0E2B71D-6B47-47C9-A2C7-909546A9BE62}.Release|Any CPU.ActiveCfg = Release|Any CPU
		{C0E2B71D-6B47-47C9-A2C7-909546A9BE62}.Release|Any CPU.Build.0 = Release|Any CPU
		{39FD718C-EC10-458F-91A3-93FF6CEDA664}.Debug|Any CPU.ActiveCfg = Debug|Any CPU
		{39FD718C-EC10-458F-91A3-93FF6CEDA664}.Debug|Any CPU.Build.0 = Debug|Any CPU
		{39FD718C-EC10-458F-91A3-93FF6CEDA664}.Release|Any CPU.ActiveCfg = Release|Any CPU
		{39FD718C-EC10-458F-91A3-93FF6CEDA664}.Release|Any CPU.Build.0 = Release|Any CPU
		{18A3E6DC-B34D-4D23-96E7-910C711D0D1E}.Debug|Any CPU.ActiveCfg = Debug|Any CPU
		{18A3E6DC-B34D-4D23-96E7-910C711D0D1E}.Debug|Any CPU.Build.0 = Debug|Any CPU
		{18A3E6DC-B34D-4D23-96E7-910C711D0D1E}.Release|Any CPU.ActiveCfg = Release|Any CPU
		{18A3E6DC-B34D-4D23-96E7-910C711D0D1E}.Release|Any CPU.Build.0 = Release|Any CPU
		{8E309A1F-C79F-4BCA-8E84-B146A4031485}.Debug|Any CPU.ActiveCfg = Debug|Any CPU
		{8E309A1F-C79F-4BCA-8E84-B146A4031485}.Debug|Any CPU.Build.0 = Debug|Any CPU
		{8E309A1F-C79F-4BCA-8E84-B146A4031485}.Release|Any CPU.ActiveCfg = Release|Any CPU
		{8E309A1F-C79F-4BCA-8E84-B146A4031485}.Release|Any CPU.Build.0 = Release|Any CPU
		{235C52F7-9623-47FA-93FC-F17F98A5C55E}.Debug|Any CPU.ActiveCfg = Debug|Any CPU
		{235C52F7-9623-47FA-93FC-F17F98A5C55E}.Debug|Any CPU.Build.0 = Debug|Any CPU
		{235C52F7-9623-47FA-93FC-F17F98A5C55E}.Release|Any CPU.ActiveCfg = Release|Any CPU
		{235C52F7-9623-47FA-93FC-F17F98A5C55E}.Release|Any CPU.Build.0 = Release|Any CPU
	EndGlobalSection
	GlobalSection(SolutionProperties) = preSolution
		HideSolutionNode = FALSE
	EndGlobalSection
EndGlobal
